
Microsoft Visual Studio Solution File, Format Version 12.00
# Visual Studio Version 16
VisualStudioVersion = 16.0.32126.315
MinimumVisualStudioVersion = 10.0.40219.1
Project("{FAE04EC0-301F-11D3-BF4B-00C04F79EFBC}") = "AdoNetHomework3", "AdoNetHomework3.csproj", "{2B46C05A-6306-42A8-AD6F-3C89BF12F00E}"
EndProject
Global
	GlobalSection(SolutionConfigurationPlatforms) = preSolution
		Debug|Any CPU = Debug|Any CPU
		Release|Any CPU = Release|Any CPU
	EndGlobalSection
	GlobalSection(ProjectConfigurationPlatforms) = postSolution
		{2B46C05A-6306-42A8-AD6F-3C89BF12F00E}.Debug|Any CPU.ActiveCfg = Debug|Any CPU
		{2B46C05A-6306-42A8-AD6F-3C89BF12F00E}.Debug|Any CPU.Build.0 = Debug|Any CPU
		{2B46C05A-6306-42A8-AD6F-3C89BF12F00E}.Release|Any CPU.ActiveCfg = Release|Any CPU
		{2B46C05A-6306-42A8-AD6F-3C89BF12F00E}.Release|Any CPU.Build.0 = Release|Any CPU
	EndGlobalSection
	GlobalSection(SolutionProperties) = preSolution
		HideSolutionNode = FALSE
	EndGlobalSection
	GlobalSection(ExtensibilityGlobals) = postSolution
		SolutionGuid = {ACE9FC56-19BA-4032-9EA5-A9904123A55A}
	EndGlobalSection
EndGlobal
